github.com/ParkhomenkoDV/progress v1.2.3 h1:SodxGrRnesawG0QG74WpoQhZInM2/b2t7Mks+BiRQTU=
github.com/ParkhomenkoDV/progress v1.2.3/go.mod h1:9lVihMztVdeIJH5I+8nhYdqRY/lpjl5E6JRVcMERUoE=
github.com/goccy/go-json v0.10.6 h1:p8HrPJzOakx/mn/bQtjgNjdTcN+/S6FcG2CTtQOrHVU=
github.com/goccy/go-json v0.10.6/go.mod h1:oq7eo15ShAhp70Anwd5lgX2pLfOS3QCiwU/PULtXL6M=
